{
  "object": {
    "pins": [
      {
        "package": "Suborbital",
        "repositoryURL": "https://github.com/suborbital/hive-wasm.git",
        "state": {
          "branch": null,
          "revision": "0f34e80ce4b21e95951c22e08cbe771c8b1cc978",
          "version": "0.4.3"
        }
      }
    ]
  },
  "version": 1
}
