{
  "object": {
    "pins": [
      {
        "package": "Suborbital",
        "repositoryURL": "https://github.com/suborbital/hive-wasm.git",
        "state": {
          "branch": null,
          "revision": "c8d923454ea09bc5e8f5219b1c31116a176fa8cb",
          "version": "0.2.4"
        }
      }
    ]
  },
  "version": 1
}
